
Microsoft Visual Studio Solution File, Format Version 11.00
# Visual Studio 10
Project("{FAE04EC0-301F-11D3-BF4B-00C04F79EFBC}") = "SetPointPlus", "SetPointPlus\SetPointPlus.csproj", "{FD9B20B6-23B0-4CC5-8D4D-BFAA57E80EFD}"
EndProject
Global
	GlobalSection(SolutionConfigurationPlatforms) = preSolution
		Debug|Any CPU = Debug|Any CPU
		Debug|x86 = Debug|x86
		Release|Any CPU = Release|Any CPU
		Release|x86 = Release|x86
	EndGlobalSection
	GlobalSection(ProjectConfigurationPlatforms) = postSolution
		{FD9B20B6-23B0-4CC5-8D4D-BFAA57E80EFD}.Debug|Any CPU.ActiveCfg = Debug|Any CPU
		{FD9B20B6-23B0-4CC5-8D4D-BFAA57E80EFD}.Debug|Any CPU.Build.0 = Debug|Any CPU
		{FD9B20B6-23B0-4CC5-8D4D-BFAA57E80EFD}.Debug|x86.ActiveCfg = Debug|x86
		{FD9B20B6-23B0-4CC5-8D4D-BFAA57E80EFD}.Debug|x86.Build.0 = Debug|x86
		{FD9B20B6-23B0-4CC5-8D4D-BFAA57E80EFD}.Release|Any CPU.ActiveCfg = Release|Any CPU
		{FD9B20B6-23B0-4CC5-8D4D-BFAA57E80EFD}.Release|Any CPU.Build.0 = Release|Any CPU
		{FD9B20B6-23B0-4CC5-8D4D-BFAA57E80EFD}.Release|x86.ActiveCfg = Release|x86
		{FD9B20B6-23B0-4CC5-8D4D-BFAA57E80EFD}.Release|x86.Build.0 = Release|x86
	EndGlobalSection
	GlobalSection(SolutionProperties) = preSolution
		HideSolutionNode = FALSE
	EndGlobalSection
EndGlobal
